<?xml version="1.0" encoding="utf-8"?>
<Project ToolsVersion="4.0" xmlns="http://schemas.microsoft.com/developer/msbuild/2003">
  <ItemGroup>
    <Filter Include="Source Files">
      <UniqueIdentifier>{4FC737F1-C7A5-4376-A066-2A32D752A2FF}</UniqueIdentifier>
      <Extensions>cpp;c;cc;cxx;c++;cppm;ixx;def;odl;idl;hpj;bat;asm;asmx</Extensions>
    </Filter>
    <Filter Include="Header Files">
      <UniqueIdentifier>{93995380-89BD-4b04-88EB-625FBE52EBFB}</UniqueIdentifier>
      <Extensions>h;hh;hpp;hxx;h++;hm;inl;inc;ipp;xsd</Extensions>
    </Filter>
    <Filter Include="Resource Files">
      <UniqueIdentifier>{67DA6AB6-F800-4c08-8B7A-83BB121AAD01}</UniqueIdentifier>
      <Extensions>rc;ico;cur;bmp;dlg;rc2;rct;bin;rgs;gif;jpg;jpeg;jpe;resx;tiff;tif;png;wav;mfcribbon-ms</Extensions>
    </Filter>
  </ItemGroup>
  <ItemGroup>
    <ClInclude Include="Header\Game\Camera.h">
      <Filter>Header Files</Filter>
    </ClInclude>
    <ClInclude Include="Header\Game\Projectile.h">
      <Filter>Header Files</Filter>
    </ClInclude>
    <ClInclude Include="Header\GL\Window.h">
      <Filter>Header Files</Filter>
    </ClInclude>
    <ClInclude Include="Header\Helper\ContentManager.h">
      <Filter>Header Files</Filter>
    </ClInclude>
    <ClInclude Include="Header\Helper\TimeHelper.h">
      <Filter>Header Files</Filter>
    </ClInclude>
    <ClInclude Include="Header\Render\EBO.h">
      <Filter>Header Files</Filter>
    </ClInclude>
    <ClInclude Include="Header\Render\Renderer.h">
      <Filter>Header Files</Filter>
    </ClInclude>
    <ClInclude Include="Header\Render\Shader.h">
      <Filter>Header Files</Filter>
    </ClInclude>
    <ClInclude Include="Header\Render\VAO.h">
      <Filter>Header Files</Filter>
    </ClInclude>
    <ClInclude Include="Header\Render\VBO.h">
      <Filter>Header Files</Filter>
    </ClInclude>
  </ItemGroup>
  <ItemGroup>
    <None Include="Shader\basicFragmentShader.frag">
      <Filter>Resource Files</Filter>
    </None>
    <None Include="Shader\basicVertex.vert">
      <Filter>Resource Files</Filter>
    </None>
    <None Include="Shader\instancedLayoutVertex.vert">
      <Filter>Resource Files</Filter>
    </None>
    <None Include="Shader\instancedUniformVertex.vert">
      <Filter>Resource Files</Filter>
    </None>
    <None Include="Shader\SimpleColorFragmentShader.frag">
      <Filter>Resource Files</Filter>
    </None>
  </ItemGroup>
  <ItemGroup>
    <ClCompile Include="Source\Game\Camera.cpp">
      <Filter>Source Files</Filter>
    </ClCompile>
    <ClCompile Include="Source\Game\Projectile.cpp">
      <Filter>Source Files</Filter>
    </ClCompile>
    <ClCompile Include="Source\GL\Window.cpp">
      <Filter>Source Files</Filter>
    </ClCompile>
    <ClCompile Include="Source\Helper\ContentManager.cpp">
      <Filter>Source Files</Filter>
    </ClCompile>
    <ClCompile Include="Source\Helper\TimeHelper.cpp">
      <Filter>Source Files</Filter>
    </ClCompile>
    <ClCompile Include="Source\Render\EBO.cpp">
      <Filter>Source Files</Filter>
    </ClCompile>
    <ClCompile Include="Source\Render\Renderer.cpp">
      <Filter>Source Files</Filter>
    </ClCompile>
    <ClCompile Include="Source\Render\Shader.cpp">
      <Filter>Source Files</Filter>
    </ClCompile>
    <ClCompile Include="Source\Render\VAO.cpp">
      <Filter>Source Files</Filter>
    </ClCompile>
    <ClCompile Include="Source\Render\VBO.cpp">
      <Filter>Source Files</Filter>
    </ClCompile>
    <ClCompile Include="Source\Source.cpp">
      <Filter>Source Files</Filter>
    </ClCompile>
    <ClCompile Include="..\..\GraphicsProgramming\glad.c">
      <Filter>Resource Files</Filter>
    </ClCompile>
  </ItemGroup>
</Project>